github.com/Makovey/fakelist_utils v0.0.2 h1:1ieNi1N4pBqJctZz26vStkn7rcgXio4BG6Kgd7ZjqEs=
github.com/Makovey/fakelist_utils v0.0.2/go.mod h1:rIEXNFRjC9axzhNCjJ4WhMAT6TCnxPhQ6GXrIuT3YRQ=
github.com/go-chi/chi/v5 v5.2.1 h1:KOIHODQj58PmL80G2Eak4WdvUzjSJSm0vG72crDCqb8=
github.com/go-chi/chi/v5 v5.2.1/go.mod h1:L2yAIGWB3H+phAw1NxKwWM+7eUH/lU8pOMm5hHcoops=
